// !$*UTF8*$!
{
	archiveVersion = 1;
	classes = {
	};
	objectVersion = 55;
	objects = {

/* Begin PBXBuildFile section */
		E082E5E628B35B5C00C0ADB3 /* AppDelegate.swift in Sources */ = {isa = PBXBuildFile; fileRef = E082E5E528B35B5C00C0ADB3 /* AppDelegate.swift */; };
		E082E5E828B35B5C00C0ADB3 /* SceneDelegate.swift in Sources */ = {isa = PBXBuildFile; fileRef = E082E5E728B35B5C00C0ADB3 /* SceneDelegate.swift */; };
		E082E5EA28B35B5C00C0ADB3 /* ViewController.swift in Sources */ = {isa = PBXBuildFile; fileRef = E082E5E928B35B5C00C0ADB3 /* ViewController.swift */; };
		E082E5ED28B35B5C00C0ADB3 /* Main.storyboard in Resources */ = {isa = PBXBuildFile; fileRef = E082E5EB28B35B5C00C0ADB3 /* Main.storyboard */; };
		E082E5EF28B35B5F00C0ADB3 /* Assets.xcassets in Resources */ = {isa = PBXBuildFile; fileRef = E082E5EE28B35B5F00C0ADB3 /* Assets.xcassets */; };
		E082E5F228B35B5F00C0ADB3 /* LaunchScreen.storyboard in Resources */ = {isa = PBXBuildFile; fileRef = E082E5F028B35B5F00C0ADB3 /* LaunchScreen.storyboard */; };
		E082E5FD28B35B5F00C0ADB3 /* tip_calculatorTests.swift in Sources */ = {isa = PBXBuildFile; fileRef = E082E5FC28B35B5F00C0ADB3 /* tip_calculatorTests.swift */; };
		E082E60728B35B5F00C0ADB3 /* tip_calculatorUITests.swift in Sources */ = {isa = PBXBuildFile; fileRef = E082E60628B35B5F00C0ADB3 /* tip_calculatorUITests.swift */; };
		E082E60928B35B5F00C0ADB3 /* tip_calculatorUITestsLaunchTests.swift in Sources */ = {isa = PBXBuildFile; fileRef = E082E60828B35B5F00C0ADB3 /* tip_calculatorUITestsLaunchTests.swift */; };
/* End PBXBuildFile section */

/* Begin PBXContainerItemProxy section */
		E082E5F928B35B5F00C0ADB3 /* PBXContainerItemProxy */ = {
			isa = PBXContainerItemProxy;
			containerPortal = E082E5DA28B35B5C00C0ADB3 /* Project object */;
			proxyType = 1;
			remoteGlobalIDString = E082E5E128B35B5C00C0ADB3;
			remoteInfo = "tip-calculator";
		};
		E082E60328B35B5F00C0ADB3 /* PBXContainerItemProxy */ = {
			isa = PBXContainerItemProxy;
			containerPortal = E082E5DA28B35B5C00C0ADB3 /* Project object */;
			proxyType = 1;
			remoteGlobalIDString = E082E5E128B35B5C00C0ADB3;
			remoteInfo = "tip-calculator";
		};
/* End PBXContainerItemProxy section */

/* Begin PBXFileReference section */
		E082E5E228B35B5C00C0ADB3 /* tip-calculator.app */ = {isa = PBXFileReference; explicitFileType = wrapper.application; includeInIndex = 0; path = "tip-calculator.app"; sourceTree = BUILT_PRODUCTS_DIR; };
		E082E5E528B35B5C00C0ADB3 /* AppDelegate.swift */ = {isa = PBXFileReference; lastKnownFileType = sourcecode.swift; path = AppDelegate.swift; sourceTree = "<group>"; };
		E082E5E728B35B5C00C0ADB3 /* SceneDelegate.swift */ = {isa = PBXFileReference; lastKnownFileType = sourcecode.swift; path = SceneDelegate.swift; sourceTree = "<group>"; };
		E082E5E928B35B5C00C0ADB3 /* ViewController.swift */ = {isa = PBXFileReference; lastKnownFileType = sourcecode.swift; path = ViewController.swift; sourceTree = "<group>"; };
		E082E5EC28B35B5C00C0ADB3 /* Base */ = {isa = PBXFileReference; lastKnownFileType = file.storyboard; name = Base; path = Base.lproj/Main.storyboard; sourceTree = "<group>"; };
		E082E5EE28B35B5F00C0ADB3 /* Assets.xcassets */ = {isa = PBXFileReference; lastKnownFileType = folder.assetcatalog; path = Assets.xcassets; sourceTree = "<group>"; };
		E082E5F128B35B5F00C0ADB3 /* Base */ = {isa = PBXFileReference; lastKnownFileType = file.storyboard; name = Base; path = Base.lproj/LaunchScreen.storyboard; sourceTree = "<group>"; };
		E082E5F328B35B5F00C0ADB3 /* Info.plist */ = {isa = PBXFileReference; lastKnownFileType = text.plist.xml; path = Info.plist; sourceTree = "<group>"; };
		E082E5F828B35B5F00C0ADB3 /* tip-calculatorTests.xctest */ = {isa = PBXFileReference; explicitFileType = wrapper.cfbundle; includeInIndex = 0; path = "tip-calculatorTests.xctest"; sourceTree = BUILT_PRODUCTS_DIR; };
		E082E5FC28B35B5F00C0ADB3 /* tip_calculatorTests.swift */ = {isa = PBXFileReference; lastKnownFileType = sourcecode.swift; path = tip_calculatorTests.swift; sourceTree = "<group>"; };
		E082E60228B35B5F00C0ADB3 /* tip-calculatorUITests.xctest */ = {isa = PBXFileReference; explicitFileType = wrapper.cfbundle; includeInIndex = 0; path = "tip-calculatorUITests.xctest"; sourceTree = BUILT_PRODUCTS_DIR; };
		E082E60628B35B5F00C0ADB3 /* tip_calculatorUITests.swift */ = {isa = PBXFileReference; lastKnownFileType = sourcecode.swift; path = tip_calculatorUITests.swift; sourceTree = "<group>"; };
		E082E60828B35B5F00C0ADB3 /* tip_calculatorUITestsLaunchTests.swift */ = {isa = PBXFileReference; lastKnownFileType = sourcecode.swift; path = tip_calculatorUITestsLaunchTests.swift; sourceTree = "<group>"; };
/* End PBXFileReference section */

/* Begin PBXFrameworksBuildPhase section */
		E082E5DF28B35B5C00C0ADB3 /* Frameworks */ = {
			isa = PBXFrameworksBuildPhase;
			buildActionMask = 2147483647;
			files = (
			);
			runOnlyForDeploymentPostprocessing = 0;
		};
		E082E5F528B35B5F00C0ADB3 /* Frameworks */ = {
			isa = PBXFrameworksBuildPhase;
			buildActionMask = 2147483647;
			files = (
			);
			runOnlyForDeploymentPostprocessing = 0;
		};
		E082E5FF28B35B5F00C0ADB3 /* Frameworks */ = {
			isa = PBXFrameworksBuildPhase;
			buildActionMask = 2147483647;
			files = (
			);
			runOnlyForDeploymentPostprocessing = 0;
		};
/* End PBXFrameworksBuildPhase section */

/* Begin PBXGroup section */
		E082E5D928B35B5C00C0ADB3 = {
			isa = PBXGroup;
			children = (
				E082E5E428B35B5C00C0ADB3 /* tip-calculator */,
				E082E5FB28B35B5F00C0ADB3 /* tip-calculatorTests */,
				E082E60528B35B5F00C0ADB3 /* tip-calculatorUITests */,
				E082E5E328B35B5C00C0ADB3 /* Products */,
			);
			sourceTree = "<group>";
		};
		E082E5E328B35B5C00C0ADB3 /* Products */ = {
			isa = PBXGroup;
			children = (
				E082E5E228B35B5C00C0ADB3 /* tip-calculator.app */,
				E082E5F828B35B5F00C0ADB3 /* tip-calculatorTests.xctest */,
				E082E60228B35B5F00C0ADB3 /* tip-calculatorUITests.xctest */,
			);
			name = Products;
			sourceTree = "<group>";
		};
		E082E5E428B35B5C00C0ADB3 /* tip-calculator */ = {
			isa = PBXGroup;
			children = (
				E082E5E528B35B5C00C0ADB3 /* AppDelegate.swift */,
				E082E5E728B35B5C00C0ADB3 /* SceneDelegate.swift */,
				E082E5E928B35B5C00C0ADB3 /* ViewController.swift */,
				E082E5EB28B35B5C00C0ADB3 /* Main.storyboard */,
				E082E5EE28B35B5F00C0ADB3 /* Assets.xcassets */,
				E082E5F028B35B5F00C0ADB3 /* LaunchScreen.storyboard */,
				E082E5F328B35B5F00C0ADB3 /* Info.plist */,
			);
			path = "tip-calculator";
			sourceTree = "<group>";
		};
		E082E5FB28B35B5F00C0ADB3 /* tip-calculatorTests */ = {
			isa = PBXGroup;
			children = (
				E082E5FC28B35B5F00C0ADB3 /* tip_calculatorTests.swift */,
			);
			path = "tip-calculatorTests";
			sourceTree = "<group>";
		};
		E082E60528B35B5F00C0ADB3 /* tip-calculatorUITests */ = {
			isa = PBXGroup;
			children = (
				E082E60628B35B5F00C0ADB3 /* tip_calculatorUITests.swift */,
				E082E60828B35B5F00C0ADB3 /* tip_calculatorUITestsLaunchTests.swift */,
			);
			path = "tip-calculatorUITests";
			sourceTree = "<group>";
		};
/* End PBXGroup section */

/* Begin PBXNativeTarget section */
		E082E5E128B35B5C00C0ADB3 /* tip-calculator */ = {
			isa = PBXNativeTarget;
			buildConfigurationList = E082E60C28B35B5F00C0ADB3 /* Build configuration list for PBXNativeTarget "tip-calculator" */;
			buildPhases = (
				E082E5DE28B35B5C00C0ADB3 /* Sources */,
				E082E5DF28B35B5C00C0ADB3 /* Frameworks */,
				E082E5E028B35B5C00C0ADB3 /* Resources */,
			);
			buildRules = (
			);
			dependencies = (
			);
			name = "tip-calculator";
			productName = "tip-calculator";
			productReference = E082E5E228B35B5C00C0ADB3 /* tip-calculator.app */;
			productType = "com.apple.product-type.application";
		};
		E082E5F728B35B5F00C0ADB3 /* tip-calculatorTests */ = {
			isa = PBXNativeTarget;
			buildConfigurationList = E082E60F28B35B5F00C0ADB3 /* Build configuration list for PBXNativeTarget "tip-calculatorTests" */;
			buildPhases = (
				E082E5F428B35B5F00C0ADB3 /* Sources */,
				E082E5F528B35B5F00C0ADB3 /* Frameworks */,
				E082E5F628B35B5F00C0ADB3 /* Resources */,
			);
			buildRules = (
			);
			dependencies = (
				E082E5FA28B35B5F00C0ADB3 /* PBXTargetDependency */,
			);
			name = "tip-calculatorTests";
			productName = "tip-calculatorTests";
			productReference = E082E5F828B35B5F00C0ADB3 /* tip-calculatorTests.xctest */;
			productType = "com.apple.product-type.bundle.unit-test";
		};
		E082E60128B35B5F00C0ADB3 /* tip-calculatorUITests */ = {
			isa = PBXNativeTarget;
			buildConfigurationList = E082E61228B35B5F00C0ADB3 /* Build configuration list for PBXNativeTarget "tip-calculatorUITests" */;
			buildPhases = (
				E082E5FE28B35B5F00C0ADB3 /* Sources */,
				E082E5FF28B35B5F00C0ADB3 /* Frameworks */,
				E082E60028B35B5F00C0ADB3 /* Resources */,
			);
			buildRules = (
			);
			dependencies = (
				E082E60428B35B5F00C0ADB3 /* PBXTargetDependency */,
			);
			name = "tip-calculatorUITests";
			productName = "tip-calculatorUITests";
			productReference = E082E60228B35B5F00C0ADB3 /* tip-calculatorUITests.xctest */;
			productType = "com.apple.product-type.bundle.ui-testing";
		};
/* End PBXNativeTarget section */

/* Begin PBXProject section */
		E082E5DA28B35B5C00C0ADB3 /* Project object */ = {
			isa = PBXProject;
			attributes = {
				BuildIndependentTargetsInParallel = 1;
				LastSwiftUpdateCheck = 1340;
				LastUpgradeCheck = 1340;
				TargetAttributes = {
					E082E5E128B35B5C00C0ADB3 = {
						CreatedOnToolsVersion = 13.4.1;
					};
					E082E5F728B35B5F00C0ADB3 = {
						CreatedOnToolsVersion = 13.4.1;
						TestTargetID = E082E5E128B35B5C00C0ADB3;
					};
					E082E60128B35B5F00C0ADB3 = {
						CreatedOnToolsVersion = 13.4.1;
						TestTargetID = E082E5E128B35B5C00C0ADB3;
					};
				};
			};
			buildConfigurationList = E082E5DD28B35B5C00C0ADB3 /* Build configuration list for PBXProject "tip-calculator" */;
			compatibilityVersion = "Xcode 13.0";
			developmentRegion = en;
			hasScannedForEncodings = 0;
			knownRegions = (
				en,
				Base,
			);
			mainGroup = E082E5D928B35B5C00C0ADB3;
			productRefGroup = E082E5E328B35B5C00C0ADB3 /* Products */;
			projectDirPath = "";
			projectRoot = "";
			targets = (
				E082E5E128B35B5C00C0ADB3 /* tip-calculator */,
				E082E5F728B35B5F00C0ADB3 /* tip-calculatorTests */,
				E082E60128B35B5F00C0ADB3 /* tip-calculatorUITests */,
			);
		};
/* End PBXProject section */

/* Begin PBXResourcesBuildPhase section */
		E082E5E028B35B5C00C0ADB3 /* Resources */ = {
			isa = PBXResourcesBuildPhase;
			buildActionMask = 2147483647;
			files = (
				E082E5F228B35B5F00C0ADB3 /* LaunchScreen.storyboard in Resources */,
				E082E5EF28B35B5F00C0ADB3 /* Assets.xcassets in Resources */,
				E082E5ED28B35B5C00C0ADB3 /* Main.storyboard in Resources */,
			);
			runOnlyForDeploymentPostprocessing = 0;
		};
		E082E5F628B35B5F00C0ADB3 /* Resources */ = {
			isa = PBXResourcesBuildPhase;
			buildActionMask = 2147483647;
			files = (
			);
			runOnlyForDeploymentPostprocessing = 0;
		};
		E082E60028B35B5F00C0ADB3 /* Resources */ = {
			isa = PBXResourcesBuildPhase;
			buildActionMask = 2147483647;
			files = (
			);
			runOnlyForDeploymentPostprocessing = 0;
		};
/* End PBXResourcesBuildPhase section */

/* Begin PBXSourcesBuildPhase section */
		E082E5DE28B35B5C00C0ADB3 /* Sources */ = {
			isa = PBXSourcesBuildPhase;
			buildActionMask = 2147483647;
			files = (
				E082E5EA28B35B5C00C0ADB3 /* ViewController.swift in Sources */,
				E082E5E628B35B5C00C0ADB3 /* AppDelegate.swift in Sources */,
				E082E5E828B35B5C00C0ADB3 /* SceneDelegate.swift in Sources */,
			);
			runOnlyForDeploymentPostprocessing = 0;
		};
		E082E5F428B35B5F00C0ADB3 /* Sources */ = {
			isa = PBXSourcesBuildPhase;
			buildActionMask = 2147483647;
			files = (
				E082E5FD28B35B5F00C0ADB3 /* tip_calculatorTests.swift in Sources */,
			);
			runOnlyForDeploymentPostprocessing = 0;
		};
		E082E5FE28B35B5F00C0ADB3 /* Sources */ = {
			isa = PBXSourcesBuildPhase;
			buildActionMask = 2147483647;
			files = (
				E082E60928B35B5F00C0ADB3 /* tip_calculatorUITestsLaunchTests.swift in Sources */,
				E082E60728B35B5F00C0ADB3 /* tip_calculatorUITests.swift in Sources */,
			);
			runOnlyForDeploymentPostprocessing = 0;
		};
/* End PBXSourcesBuildPhase section */

/* Begin PBXTargetDependency section */
		E082E5FA28B35B5F00C0ADB3 /* PBXTargetDependency */ = {
			isa = PBXTargetDependency;
			target = E082E5E128B35B5C00C0ADB3 /* tip-calculator */;
			targetProxy = E082E5F928B35B5F00C0ADB3 /* PBXContainerItemProxy */;
		};
		E082E60428B35B5F00C0ADB3 /* PBXTargetDependency */ = {
			isa = PBXTargetDependency;
			target = E082E5E128B35B5C00C0ADB3 /* tip-calculator */;
			targetProxy = E082E60328B35B5F00C0ADB3 /* PBXContainerItemProxy */;
		};
/* End PBXTargetDependency section */

/* Begin PBXVariantGroup section */
		E082E5EB28B35B5C00C0ADB3 /* Main.storyboard */ = {
			isa = PBXVariantGroup;
			children = (
				E082E5EC28B35B5C00C0ADB3 /* Base */,
			);
			name = Main.storyboard;
			sourceTree = "<group>";
		};
		E082E5F028B35B5F00C0ADB3 /* LaunchScreen.storyboard */ = {
			isa = PBXVariantGroup;
			children = (
				E082E5F128B35B5F00C0ADB3 /* Base */,
			);
			name = LaunchScreen.storyboard;
			sourceTree = "<group>";
		};
/* End PBXVariantGroup section */

/* Begin XCBuildConfiguration section */
		E082E60A28B35B5F00C0ADB3 /* Debug */ = {
			isa = XCBuildConfiguration;
			buildSettings = {
				ALWAYS_SEARCH_USER_PATHS = NO;
				CLANG_ANALYZER_NONNULL = YES;
				CLANG_ANALYZER_NUMBER_OBJECT_CONVERSION = YES_AGGRESSIVE;
				CLANG_CXX_LANGUAGE_STANDARD = "gnu++17";
				CLANG_ENABLE_MODULES = YES;
				CLANG_ENABLE_OBJC_ARC = YES;
				CLANG_ENABLE_OBJC_WEAK = YES;
				CLANG_WARN_BLOCK_CAPTURE_AUTORELEASING = YES;
				CLANG_WARN_BOOL_CONVERSION = YES;
				CLANG_WARN_COMMA = YES;
				CLANG_WARN_CONSTANT_CONVERSION = YES;
				CLANG_WARN_DEPRECATED_OBJC_IMPLEMENTATIONS = YES;
				CLANG_WARN_DIRECT_OBJC_ISA_USAGE = YES_ERROR;
				CLANG_WARN_DOCUMENTATION_COMMENTS = YES;
				CLANG_WARN_EMPTY_BODY = YES;
				CLANG_WARN_ENUM_CONVERSION = YES;
				CLANG_WARN_INFINITE_RECURSION = YES;
				CLANG_WARN_INT_CONVERSION = YES;
				CLANG_WARN_NON_LITERAL_NULL_CONVERSION = YES;
				CLANG_WARN_OBJC_IMPLICIT_RETAIN_SELF = YES;
				CLANG_WARN_OBJC_LITERAL_CONVERSION = YES;
				CLANG_WARN_OBJC_ROOT_CLASS = YES_ERROR;
				CLANG_WARN_QUOTED_INCLUDE_IN_FRAMEWORK_HEADER = YES;
				CLANG_WARN_RANGE_LOOP_ANALYSIS = YES;
				CLANG_WARN_STRICT_PROTOTYPES = YES;
				CLANG_WARN_SUSPICIOUS_MOVE = YES;
				CLANG_WARN_UNGUARDED_AVAILABILITY = YES_AGGRESSIVE;
				CLANG_WARN_UNREACHABLE_CODE = YES;
				CLANG_WARN__DUPLICATE_METHOD_MATCH = YES;
				COPY_PHASE_STRIP = NO;
				DEBUG_INFORMATION_FORMAT = dwarf;
				ENABLE_STRICT_OBJC_MSGSEND = YES;
				ENABLE_TESTABILITY = YES;
				GCC_C_LANGUAGE_STANDARD = gnu11;
				GCC_DYNAMIC_NO_PIC = NO;
				GCC_NO_COMMON_BLOCKS = YES;
				GCC_OPTIMIZATION_LEVEL = 0;
				GCC_PREPROCESSOR_DEFINITIONS = (
					"DEBUG=1",
					"$(inherited)",
				);
				GCC_WARN_64_TO_32_BIT_CONVERSION = YES;
				GCC_WARN_ABOUT_RETURN_TYPE = YES_ERROR;
				GCC_WARN_UNDECLARED_SELECTOR = YES;
				GCC_WARN_UNINITIALIZED_AUTOS = YES_AGGRESSIVE;
				GCC_WARN_UNUSED_FUNCTION = YES;
				GCC_WARN_UNUSED_VARIABLE = YES;
				IPHONEOS_DEPLOYMENT_TARGET = 15.5;
				MTL_ENABLE_DEBUG_INFO = INCLUDE_SOURCE;
				MTL_FAST_MATH = YES;
				ONLY_ACTIVE_ARCH = YES;
				SDKROOT = iphoneos;
				SWIFT_ACTIVE_COMPILATION_CONDITIONS = DEBUG;
				SWIFT_OPTIMIZATION_LEVEL = "-Onone";
			};
			name = Debug;
		};
		E082E60B28B35B5F00C0ADB3 /* Release */ = {
			isa = XCBuildConfiguration;
			buildSettings = {
				ALWAYS_SEARCH_USER_PATHS = NO;
				CLANG_ANALYZER_NONNULL = YES;
				CLANG_ANALYZER_NUMBER_OBJECT_CONVERSION = YES_AGGRESSIVE;
				CLANG_CXX_LANGUAGE_STANDARD = "gnu++17";
				CLANG_ENABLE_MODULES = YES;
				CLANG_ENABLE_OBJC_ARC = YES;
				CLANG_ENABLE_OBJC_WEAK = YES;
				CLANG_WARN_BLOCK_CAPTURE_AUTORELEASING = YES;
				CLANG_WARN_BOOL_CONVERSION = YES;
				CLANG_WARN_COMMA = YES;
				CLANG_WARN_CONSTANT_CONVERSION = YES;
				CLANG_WARN_DEPRECATED_OBJC_IMPLEMENTATIONS = YES;
				CLANG_WARN_DIRECT_OBJC_ISA_USAGE = YES_ERROR;
				CLANG_WARN_DOCUMENTATION_COMMENTS = YES;
				CLANG_WARN_EMPTY_BODY = YES;
				CLANG_WARN_ENUM_CONVERSION = YES;
				CLANG_WARN_INFINITE_RECURSION = YES;
				CLANG_WARN_INT_CONVERSION = YES;
				CLANG_WARN_NON_LITERAL_NULL_CONVERSION = YES;
				CLANG_WARN_OBJC_IMPLICIT_RETAIN_SELF = YES;
				CLANG_WARN_OBJC_LITERAL_CONVERSION = YES;
				CLANG_WARN_OBJC_ROOT_CLASS = YES_ERROR;
				CLANG_WARN_QUOTED_INCLUDE_IN_FRAMEWORK_HEADER = YES;
				CLANG_WARN_RANGE_LOOP_ANALYSIS = YES;
				CLANG_WARN_STRICT_PROTOTYPES = YES;
				CLANG_WARN_SUSPICIOUS_MOVE = YES;
				CLANG_WARN_UNGUARDED_AVAILABILITY = YES_AGGRESSIVE;
				CLANG_WARN_UNREACHABLE_CODE = YES;
				CLANG_WARN__DUPLICATE_METHOD_MATCH = YES;
				COPY_PHASE_STRIP = NO;
				DEBUG_INFORMATION_FORMAT = "dwarf-with-dsym";
				ENABLE_NS_ASSERTIONS = NO;
				ENABLE_STRICT_OBJC_MSGSEND = YES;
				GCC_C_LANGUAGE_STANDARD = gnu11;
				GCC_NO_COMMON_BLOCKS = YES;
				GCC_WARN_64_TO_32_BIT_CONVERSION = YES;
				GCC_WARN_ABOUT_RETURN_TYPE = YES_ERROR;
				GCC_WARN_UNDECLARED_SELECTOR = YES;
				GCC_WARN_UNINITIALIZED_AUTOS = YES_AGGRESSIVE;
				GCC_WARN_UNUSED_FUNCTION = YES;
				GCC_WARN_UNUSED_VARIABLE = YES;
				IPHONEOS_DEPLOYMENT_TARGET = 15.5;
				MTL_ENABLE_DEBUG_INFO = NO;
				MTL_FAST_MATH = YES;
				SDKROOT = iphoneos;
				SWIFT_COMPILATION_MODE = wholemodule;
				SWIFT_OPTIMIZATION_LEVEL = "-O";
				VALIDATE_PRODUCT = YES;
			};
			name = Release;
		};
		E082E60D28B35B5F00C0ADB3 /* Debug */ = {
			isa = XCBuildConfiguration;
			buildSettings = {
				ASSETCATALOG_COMPILER_APPICON_NAME = AppIcon;
				ASSETCATALOG_COMPILER_GLOBAL_ACCENT_COLOR_NAME = AccentColor;
				CODE_SIGN_STYLE = Automatic;
				CURRENT_PROJECT_VERSION = 1;
				DEVELOPMENT_TEAM = XSMJ9C4WAZ;
				GENERATE_INFOPLIST_FILE = YES;
				INFOPLIST_FILE = "tip-calculator/Info.plist";
				INFOPLIST_KEY_UIApplicationSupportsIndirectInputEvents = YES;
				INFOPLIST_KEY_UILaunchStoryboardName = LaunchScreen;
				INFOPLIST_KEY_UIMainStoryboardFile = Main;
				INFOPLIST_KEY_UISupportedInterfaceOrientations_iPad = "UIInterfaceOrientationPortrait UIInterfaceOrientationPortraitUpsideDown UIInterfaceOrientationLandscapeLeft UIInterfaceOrientationLandscapeRight";
				INFOPLIST_KEY_UISupportedInterfaceOrientations_iPhone = "UIInterfaceOrientationPortrait UIInterfaceOrientationLandscapeLeft UIInterfaceOrientationLandscapeRight";
				LD_RUNPATH_SEARCH_PATHS = (
					"$(inherited)",
					"@executable_path/Frameworks",
				);
				MARKETING_VERSION = 1.0;
				PRODUCT_BUNDLE_IDENTIFIER = "com.aaron.tip-calculator";
				PRODUCT_NAME = "$(TARGET_NAME)";
				SWIFT_EMIT_LOC_STRINGS = YES;
				SWIFT_VERSION = 5.0;
				TARGETED_DEVICE_FAMILY = "1,2";
			};
			name = Debug;
		};
		E082E60E28B35B5F00C0ADB3 /* Release */ = {
			isa = XCBuildConfiguration;
			buildSettings = {
				ASSETCATALOG_COMPILER_APPICON_NAME = AppIcon;
				ASSETCATALOG_COMPILER_GLOBAL_ACCENT_COLOR_NAME = AccentColor;
				CODE_SIGN_STYLE = Automatic;
				CURRENT_PROJECT_VERSION = 1;
				DEVELOPMENT_TEAM = XSMJ9C4WAZ;
				GENERATE_INFOPLIST_FILE = YES;
				INFOPLIST_FILE = "tip-calculator/Info.plist";
				INFOPLIST_KEY_UIApplicationSupportsIndirectInputEvents = YES;
				INFOPLIST_KEY_UILaunchStoryboardName = LaunchScreen;
				INFOPLIST_KEY_UIMainStoryboardFile = Main;
				INFOPLIST_KEY_UISupportedInterfaceOrientations_iPad = "UIInterfaceOrientationPortrait UIInterfaceOrientationPortraitUpsideDown UIInterfaceOrientationLandscapeLeft UIInterfaceOrientationLandscapeRight";
				INFOPLIST_KEY_UISupportedInterfaceOrientations_iPhone = "UIInterfaceOrientationPortrait UIInterfaceOrientationLandscapeLeft UIInterfaceOrientationLandscapeRight";
				LD_RUNPATH_SEARCH_PATHS = (
					"$(inherited)",
					"@executable_path/Frameworks",
				);
				MARKETING_VERSION = 1.0;
				PRODUCT_BUNDLE_IDENTIFIER = "com.aaron.tip-calculator";
				PRODUCT_NAME = "$(TARGET_NAME)";
				SWIFT_EMIT_LOC_STRINGS = YES;
				SWIFT_VERSION = 5.0;
				TARGETED_DEVICE_FAMILY = "1,2";
			};
			name = Release;
		};
		E082E61028B35B5F00C0ADB3 /* Debug */ = {
			isa = XCBuildConfiguration;
			buildSettings = {
				ALWAYS_EMBED_SWIFT_STANDARD_LIBRARIES = YES;
				BUNDLE_LOADER = "$(TEST_HOST)";
				CODE_SIGN_STYLE = Automatic;
				CURRENT_PROJECT_VERSION = 1;
				GENERATE_INFOPLIST_FILE = YES;
				IPHONEOS_DEPLOYMENT_TARGET = 15.5;
				MARKETING_VERSION = 1.0;
				PRODUCT_BUNDLE_IDENTIFIER = "com.aaron.tip-calculatorTests";
				PRODUCT_NAME = "$(TARGET_NAME)";
				SWIFT_EMIT_LOC_STRINGS = NO;
				SWIFT_VERSION = 5.0;
				TARGETED_DEVICE_FAMILY = "1,2";
				TEST_HOST = "$(BUILT_PRODUCTS_DIR)/tip-calculator.app/tip-calculator";
			};
			name = Debug;
		};
		E082E61128B35B5F00C0ADB3 /* Release */ = {
			isa = XCBuildConfiguration;
			buildSettings = {
				ALWAYS_EMBED_SWIFT_STANDARD_LIBRARIES = YES;
				BUNDLE_LOADER = "$(TEST_HOST)";
				CODE_SIGN_STYLE = Automatic;
				CURRENT_PROJECT_VERSION = 1;
				GENERATE_INFOPLIST_FILE = YES;
				IPHONEOS_DEPLOYMENT_TARGET = 15.5;
				MARKETING_VERSION = 1.0;
				PRODUCT_BUNDLE_IDENTIFIER = "com.aaron.tip-calculatorTests";
				PRODUCT_NAME = "$(TARGET_NAME)";
				SWIFT_EMIT_LOC_STRINGS = NO;
				SWIFT_VERSION = 5.0;
				TARGETED_DEVICE_FAMILY = "1,2";
				TEST_HOST = "$(BUILT_PRODUCTS_DIR)/tip-calculator.app/tip-calculator";
			};
			name = Release;
		};
		E082E61328B35B5F00C0ADB3 /* Debug */ = {
			isa = XCBuildConfiguration;
			buildSettings = {
				ALWAYS_EMBED_SWIFT_STANDARD_LIBRARIES = YES;
				CODE_SIGN_STYLE = Automatic;
				CURRENT_PROJECT_VERSION = 1;
				GENERATE_INFOPLIST_FILE = YES;
				MARKETING_VERSION = 1.0;
				PRODUCT_BUNDLE_IDENTIFIER = "com.aaron.tip-calculatorUITests";
				PRODUCT_NAME = "$(TARGET_NAME)";
				SWIFT_EMIT_LOC_STRINGS = NO;
				SWIFT_VERSION = 5.0;
				TARGETED_DEVICE_FAMILY = "1,2";
				TEST_TARGET_NAME = "tip-calculator";
			};
			name = Debug;
		};
		E082E61428B35B5F00C0ADB3 /* Release */ = {
			isa = XCBuildConfiguration;
			buildSettings = {
				ALWAYS_EMBED_SWIFT_STANDARD_LIBRARIES = YES;
				CODE_SIGN_STYLE = Automatic;
				CURRENT_PROJECT_VERSION = 1;
				GENERATE_INFOPLIST_FILE = YES;
				MARKETING_VERSION = 1.0;
				PRODUCT_BUNDLE_IDENTIFIER = "com.aaron.tip-calculatorUITests";
				PRODUCT_NAME = "$(TARGET_NAME)";
				SWIFT_EMIT_LOC_STRINGS = NO;
				SWIFT_VERSION = 5.0;
				TARGETED_DEVICE_FAMILY = "1,2";
				TEST_TARGET_NAME = "tip-calculator";
			};
			name = Release;
		};
/* End XCBuildConfiguration section */

/* Begin XCConfigurationList section */
		E082E5DD28B35B5C00C0ADB3 /* Build configuration list for PBXProject "tip-calculator" */ = {
			isa = XCConfigurationList;
			buildConfigurations = (
				E082E60A28B35B5F00C0ADB3 /* Debug */,
				E082E60B28B35B5F00C0ADB3 /* Release */,
			);
			defaultConfigurationIsVisible = 0;
			defaultConfigurationName = Release;
		};
		E082E60C28B35B5F00C0ADB3 /* Build configuration list for PBXNativeTarget "tip-calculator" */ = {
			isa = XCConfigurationList;
			buildConfigurations = (
				E082E60D28B35B5F00C0ADB3 /* Debug */,
				E082E60E28B35B5F00C0ADB3 /* Release */,
			);
			defaultConfigurationIsVisible = 0;
			defaultConfigurationName = Release;
		};
		E082E60F28B35B5F00C0ADB3 /* Build configuration list for PBXNativeTarget "tip-calculatorTests" */ = {
			isa = XCConfigurationList;
			buildConfigurations = (
				E082E61028B35B5F00C0ADB3 /* Debug */,
				E082E61128B35B5F00C0ADB3 /* Release */,
			);
			defaultConfigurationIsVisible = 0;
			defaultConfigurationName = Release;
		};
		E082E61228B35B5F00C0ADB3 /* Build configuration list for PBXNativeTarget "tip-calculatorUITests" */ = {
			isa = XCConfigurationList;
			buildConfigurations = (
				E082E61328B35B5F00C0ADB3 /* Debug */,
				E082E61428B35B5F00C0ADB3 /* Release */,
			);
			defaultConfigurationIsVisible = 0;
			defaultConfigurationName = Release;
		};
/* End XCConfigurationList section */
	};
	rootObject = E082E5DA28B35B5C00C0ADB3 /* Project object */;
}
